
Microsoft Visual Studio Solution File, Format Version 12.00
# Visual Studio 15
Project("{FAE04EC0-301F-11D3-BF4B-00C04F79EFBC}") = "maxNum", "maxNum\maxNum.csproj", "{D3ED90C4-52A6-45D8-BE4B-2262D6C375D2}"
EndProject
Global
	GlobalSection(SolutionConfigurationPlatforms) = preSolution
		Debug|x86 = Debug|x86
		Release|x86 = Release|x86
	EndGlobalSection
	GlobalSection(ProjectConfigurationPlatforms) = postSolution
		{D3ED90C4-52A6-45D8-BE4B-2262D6C375D2}.Debug|x86.ActiveCfg = Debug|x86
		{D3ED90C4-52A6-45D8-BE4B-2262D6C375D2}.Debug|x86.Build.0 = Debug|x86
		{D3ED90C4-52A6-45D8-BE4B-2262D6C375D2}.Release|x86.ActiveCfg = Release|x86
		{D3ED90C4-52A6-45D8-BE4B-2262D6C375D2}.Release|x86.Build.0 = Release|x86
	EndGlobalSection
EndGlobal
